
Microsoft Visual Studio Solution File, Format Version 12.00
# Visual Studio 15
VisualStudioVersion = 15.0.28307.136
MinimumVisualStudioVersion = 10.0.40219.1
Project("{FAE04EC0-301F-11D3-BF4B-00C04F79EFBC}") = "Lets-Get-Lunch-Api", "Lets-Get-Lunch-Api\Lets-Get-Lunch-Api.csproj", "{1A8792F8-9DE5-4E19-9F57-B1E731B5979F}"
EndProject
Project("{FAE04EC0-301F-11D3-BF4B-00C04F79EFBC}") = "Lets-get-lunch-Infrastructure", "Lets-get-lunch-Infrastructure\Lets-get-lunch-Infrastructure.csproj", "{FF3B10AB-0FBC-431D-940F-9BA298D219EF}"
EndProject
Global
	GlobalSection(SolutionConfigurationPlatforms) = preSolution
		Debug|Any CPU = Debug|Any CPU
		Release|Any CPU = Release|Any CPU
	EndGlobalSection
	GlobalSection(ProjectConfigurationPlatforms) = postSolution
		{1A8792F8-9DE5-4E19-9F57-B1E731B5979F}.Debug|Any CPU.ActiveCfg = Debug|Any CPU
		{1A8792F8-9DE5-4E19-9F57-B1E731B5979F}.Debug|Any CPU.Build.0 = Debug|Any CPU
		{1A8792F8-9DE5-4E19-9F57-B1E731B5979F}.Release|Any CPU.ActiveCfg = Release|Any CPU
		{1A8792F8-9DE5-4E19-9F57-B1E731B5979F}.Release|Any CPU.Build.0 = Release|Any CPU
		{FF3B10AB-0FBC-431D-940F-9BA298D219EF}.Debug|Any CPU.ActiveCfg = Debug|Any CPU
		{FF3B10AB-0FBC-431D-940F-9BA298D219EF}.Debug|Any CPU.Build.0 = Debug|Any CPU
		{FF3B10AB-0FBC-431D-940F-9BA298D219EF}.Release|Any CPU.ActiveCfg = Release|Any CPU
		{FF3B10AB-0FBC-431D-940F-9BA298D219EF}.Release|Any CPU.Build.0 = Release|Any CPU
	EndGlobalSection
	GlobalSection(SolutionProperties) = preSolution
		HideSolutionNode = FALSE
	EndGlobalSection
	GlobalSection(ExtensibilityGlobals) = postSolution
		SolutionGuid = {10FCF212-A852-458F-8C39-6C410A00D36A}
	EndGlobalSection
EndGlobal
